{
  "name": "time-travel-chess",
  "version": "1.0.0",
  "lockfileVersion": 2,
  "requires": true,
  "packages": {
    "": {
      "name": "time-travel-chess",
      "version": "1.0.0",
      "license": "GPL-3.0-or-later",
      "dependencies": {
        "chessground": "^8.2.1"
      }
    },
    "node_modules/chessground": {
      "version": "8.2.1",
      "resolved": "https://registry.npmjs.org/chessground/-/chessground-8.2.1.tgz",
      "integrity": "sha512-cM79y/kC0yI+S89XN6q7CXROi/YSrU3yPTEisNJNbXMuNoqfg6cmk9/9ulCXDR6U+bnVSsrgtorgoP9PGlZTuQ==",
      "funding": {
        "url": "https://lichess.org/patron"
      }
    }
  },
  "dependencies": {
    "chessground": {
      "version": "8.2.1",
      "resolved": "https://registry.npmjs.org/chessground/-/chessground-8.2.1.tgz",
      "integrity": "sha512-cM79y/kC0yI+S89XN6q7CXROi/YSrU3yPTEisNJNbXMuNoqfg6cmk9/9ulCXDR6U+bnVSsrgtorgoP9PGlZTuQ=="
    }
  }
}
